
Microsoft Visual Studio Solution File, Format Version 12.00
# Visual Studio Version 17
VisualStudioVersion = 17.1.32210.238
MinimumVisualStudioVersion = 10.0.40219.1
Project("{FAE04EC0-301F-11D3-BF4B-00C04F79EFBC}") = "DynamicProgramming", "DynamicProgramming\DynamicProgramming.csproj", "{157BA7EA-7257-42E2-94C1-1232FAE3F2F7}"
EndProject
Project("{FAE04EC0-301F-11D3-BF4B-00C04F79EFBC}") = "CoinChange", "CoinChange\CoinChange.csproj", "{373CD526-6442-4B12-A8E5-6F888449E3D4}"
EndProject
Project("{FAE04EC0-301F-11D3-BF4B-00C04F79EFBC}") = "LongestIncreasingSubsequence", "LongestIncreasingSubsequence\LongestIncreasingSubsequence.csproj", "{D4CCE6D4-1C4B-4292-AAE8-E642CDEF8FC7}"
EndProject
Project("{FAE04EC0-301F-11D3-BF4B-00C04F79EFBC}") = "LongestStringSubsequence", "LongestStringSubsequence\LongestStringSubsequence.csproj", "{C261D47A-AE3F-4B94-9C33-FED1936039C3}"
EndProject
Project("{FAE04EC0-301F-11D3-BF4B-00C04F79EFBC}") = "ReverseLinkedList", "ReverseLinkedList\ReverseLinkedList.csproj", "{9C590CA1-6078-482D-9069-773F033227AD}"
EndProject
Global
	GlobalSection(SolutionConfigurationPlatforms) = preSolution
		Debug|Any CPU = Debug|Any CPU
		Release|Any CPU = Release|Any CPU
	EndGlobalSection
	GlobalSection(ProjectConfigurationPlatforms) = postSolution
		{157BA7EA-7257-42E2-94C1-1232FAE3F2F7}.Debug|Any CPU.ActiveCfg = Debug|Any CPU
		{157BA7EA-7257-42E2-94C1-1232FAE3F2F7}.Debug|Any CPU.Build.0 = Debug|Any CPU
		{157BA7EA-7257-42E2-94C1-1232FAE3F2F7}.Release|Any CPU.ActiveCfg = Release|Any CPU
		{157BA7EA-7257-42E2-94C1-1232FAE3F2F7}.Release|Any CPU.Build.0 = Release|Any CPU
		{373CD526-6442-4B12-A8E5-6F888449E3D4}.Debug|Any CPU.ActiveCfg = Debug|Any CPU
		{373CD526-6442-4B12-A8E5-6F888449E3D4}.Debug|Any CPU.Build.0 = Debug|Any CPU
		{373CD526-6442-4B12-A8E5-6F888449E3D4}.Release|Any CPU.ActiveCfg = Release|Any CPU
		{373CD526-6442-4B12-A8E5-6F888449E3D4}.Release|Any CPU.Build.0 = Release|Any CPU
		{D4CCE6D4-1C4B-4292-AAE8-E642CDEF8FC7}.Debug|Any CPU.ActiveCfg = Debug|Any CPU
		{D4CCE6D4-1C4B-4292-AAE8-E642CDEF8FC7}.Debug|Any CPU.Build.0 = Debug|Any CPU
		{D4CCE6D4-1C4B-4292-AAE8-E642CDEF8FC7}.Release|Any CPU.ActiveCfg = Release|Any CPU
		{D4CCE6D4-1C4B-4292-AAE8-E642CDEF8FC7}.Release|Any CPU.Build.0 = Release|Any CPU
		{C261D47A-AE3F-4B94-9C33-FED1936039C3}.Debug|Any CPU.ActiveCfg = Debug|Any CPU
		{C261D47A-AE3F-4B94-9C33-FED1936039C3}.Debug|Any CPU.Build.0 = Debug|Any CPU
		{C261D47A-AE3F-4B94-9C33-FED1936039C3}.Release|Any CPU.ActiveCfg = Release|Any CPU
		{C261D47A-AE3F-4B94-9C33-FED1936039C3}.Release|Any CPU.Build.0 = Release|Any CPU
		{9C590CA1-6078-482D-9069-773F033227AD}.Debug|Any CPU.ActiveCfg = Debug|Any CPU
		{9C590CA1-6078-482D-9069-773F033227AD}.Debug|Any CPU.Build.0 = Debug|Any CPU
		{9C590CA1-6078-482D-9069-773F033227AD}.Release|Any CPU.ActiveCfg = Release|Any CPU
		{9C590CA1-6078-482D-9069-773F033227AD}.Release|Any CPU.Build.0 = Release|Any CPU
	EndGlobalSection
	GlobalSection(SolutionProperties) = preSolution
		HideSolutionNode = FALSE
	EndGlobalSection
	GlobalSection(ExtensibilityGlobals) = postSolution
		SolutionGuid = {F99CF954-9C45-442D-8253-B65CFEDF3D47}
	EndGlobalSection
EndGlobal
